
Microsoft Visual Studio Solution File, Format Version 12.00
# Visual Studio 15
VisualStudioVersion = 15.0.28307.271
MinimumVisualStudioVersion = 10.0.40219.1
Project("{FAE04EC0-301F-11D3-BF4B-00C04F79EFBC}") = "ClassTime.Data", "ClassTime.Data\ClassTime.Data.csproj", "{7643C5C0-2A4F-47B2-AC55-9108E40D2BEB}"
EndProject
Project("{FAE04EC0-301F-11D3-BF4B-00C04F79EFBC}") = "ClassTime.Web", "ClassTime.Web\ClassTime.Web.csproj", "{01881A12-C542-48BB-B0AC-9023CED848AD}"
EndProject
Global
	GlobalSection(SolutionConfigurationPlatforms) = preSolution
		Debug|Any CPU = Debug|Any CPU
		Release|Any CPU = Release|Any CPU
	EndGlobalSection
	GlobalSection(ProjectConfigurationPlatforms) = postSolution
		{7643C5C0-2A4F-47B2-AC55-9108E40D2BEB}.Debug|Any CPU.ActiveCfg = Debug|Any CPU
		{7643C5C0-2A4F-47B2-AC55-9108E40D2BEB}.Debug|Any CPU.Build.0 = Debug|Any CPU
		{7643C5C0-2A4F-47B2-AC55-9108E40D2BEB}.Release|Any CPU.ActiveCfg = Release|Any CPU
		{7643C5C0-2A4F-47B2-AC55-9108E40D2BEB}.Release|Any CPU.Build.0 = Release|Any CPU
		{01881A12-C542-48BB-B0AC-9023CED848AD}.Debug|Any CPU.ActiveCfg = Debug|Any CPU
		{01881A12-C542-48BB-B0AC-9023CED848AD}.Debug|Any CPU.Build.0 = Debug|Any CPU
		{01881A12-C542-48BB-B0AC-9023CED848AD}.Release|Any CPU.ActiveCfg = Release|Any CPU
		{01881A12-C542-48BB-B0AC-9023CED848AD}.Release|Any CPU.Build.0 = Release|Any CPU
	EndGlobalSection
	GlobalSection(SolutionProperties) = preSolution
		HideSolutionNode = FALSE
	EndGlobalSection
	GlobalSection(ExtensibilityGlobals) = postSolution
		SolutionGuid = {34FDEF5C-6032-46E6-863A-1C8C61557249}
	EndGlobalSection
EndGlobal
